
Microsoft Visual Studio Solution File, Format Version 12.00
# Visual Studio Version 17
VisualStudioVersion = 17.6.33723.286
MinimumVisualStudioVersion = 10.0.40219.1
Project("{F184B08F-C81C-45F6-A57F-5ABD9991F28F}") = "Selection", "Selection.vbproj", "{624AB764-6B20-4273-8451-13859A7FBFEE}"
EndProject
Global
	GlobalSection(SolutionConfigurationPlatforms) = preSolution
		Debug|Any CPU = Debug|Any CPU
		Release|Any CPU = Release|Any CPU
	EndGlobalSection
	GlobalSection(ProjectConfigurationPlatforms) = postSolution
		{624AB764-6B20-4273-8451-13859A7FBFEE}.Debug|Any CPU.ActiveCfg = Debug|Any CPU
		{624AB764-6B20-4273-8451-13859A7FBFEE}.Debug|Any CPU.Build.0 = Debug|Any CPU
		{624AB764-6B20-4273-8451-13859A7FBFEE}.Release|Any CPU.ActiveCfg = Release|Any CPU
		{624AB764-6B20-4273-8451-13859A7FBFEE}.Release|Any CPU.Build.0 = Release|Any CPU
	EndGlobalSection
	GlobalSection(SolutionProperties) = preSolution
		HideSolutionNode = FALSE
	EndGlobalSection
	GlobalSection(ExtensibilityGlobals) = postSolution
		SolutionGuid = {1A4F2976-BFE0-4C79-9A67-19644EA663CC}
	EndGlobalSection
EndGlobal
