
Microsoft Visual Studio Solution File, Format Version 12.00
# Visual Studio Version 17
VisualStudioVersion = 17.6.33723.286
MinimumVisualStudioVersion = 10.0.40219.1
Project("{F184B08F-C81C-45F6-A57F-5ABD9991F28F}") = "ArithmeticHandling", "ArithmeticHandling.vbproj", "{46D72F83-95DC-4D71-9355-451AB65AD41C}"
EndProject
Global
	GlobalSection(SolutionConfigurationPlatforms) = preSolution
		Debug|Any CPU = Debug|Any CPU
		Release|Any CPU = Release|Any CPU
	EndGlobalSection
	GlobalSection(ProjectConfigurationPlatforms) = postSolution
		{46D72F83-95DC-4D71-9355-451AB65AD41C}.Debug|Any CPU.ActiveCfg = Debug|Any CPU
		{46D72F83-95DC-4D71-9355-451AB65AD41C}.Debug|Any CPU.Build.0 = Debug|Any CPU
		{46D72F83-95DC-4D71-9355-451AB65AD41C}.Release|Any CPU.ActiveCfg = Release|Any CPU
		{46D72F83-95DC-4D71-9355-451AB65AD41C}.Release|Any CPU.Build.0 = Release|Any CPU
	EndGlobalSection
	GlobalSection(SolutionProperties) = preSolution
		HideSolutionNode = FALSE
	EndGlobalSection
	GlobalSection(ExtensibilityGlobals) = postSolution
		SolutionGuid = {F1F7D387-2A29-4017-85F5-1AA3548DB7AF}
	EndGlobalSection
EndGlobal
