
Microsoft Visual Studio Solution File, Format Version 12.00
# Visual Studio Version 17
VisualStudioVersion = 17.6.33723.286
MinimumVisualStudioVersion = 10.0.40219.1
Project("{F184B08F-C81C-45F6-A57F-5ABD9991F28F}") = "CaptureInput", "CaptureInput.vbproj", "{F9382DBA-ED5A-4900-8057-04BBFDF3B351}"
EndProject
Global
	GlobalSection(SolutionConfigurationPlatforms) = preSolution
		Debug|Any CPU = Debug|Any CPU
		Release|Any CPU = Release|Any CPU
	EndGlobalSection
	GlobalSection(ProjectConfigurationPlatforms) = postSolution
		{F9382DBA-ED5A-4900-8057-04BBFDF3B351}.Debug|Any CPU.ActiveCfg = Debug|Any CPU
		{F9382DBA-ED5A-4900-8057-04BBFDF3B351}.Debug|Any CPU.Build.0 = Debug|Any CPU
		{F9382DBA-ED5A-4900-8057-04BBFDF3B351}.Release|Any CPU.ActiveCfg = Release|Any CPU
		{F9382DBA-ED5A-4900-8057-04BBFDF3B351}.Release|Any CPU.Build.0 = Release|Any CPU
	EndGlobalSection
	GlobalSection(SolutionProperties) = preSolution
		HideSolutionNode = FALSE
	EndGlobalSection
	GlobalSection(ExtensibilityGlobals) = postSolution
		SolutionGuid = {B5454520-E662-4B0A-A34E-965E1367FEF4}
	EndGlobalSection
EndGlobal
